{
  "name": "merge-folders",
  "version": "1.0.0",
  "lockfileVersion": 1,
  "requires": true,
  "dependencies": {
    "@kaspernj/object-digger": {
      "version": "1.0.2",
      "resolved": "https://registry.npmjs.org/@kaspernj/object-digger/-/object-digger-1.0.2.tgz",
      "integrity": "sha512-L0Y460I2nEWbxF/6zyrU8Lyi+MHTxdh9xS9CkJhHrcMoHndUKGXqb6Tw7imApslMU9eyjNBXW5n5tMPtk46ACw=="
    }
  }
}
